
Microsoft Visual Studio Solution File, Format Version 12.00
# Visual Studio Version 17
VisualStudioVersion = 17.8.34330.188
MinimumVisualStudioVersion = 10.0.40219.1
Project("{FAE04EC0-301F-11D3-BF4B-00C04F79EFBC}") = "Assiment4.CrudApi", "Assiment4.CrudApi.csproj", "{B1F6D6DE-6259-466D-A7C5-2A793C78AD40}"
EndProject
Global
	GlobalSection(SolutionConfigurationPlatforms) = preSolution
		Debug|Any CPU = Debug|Any CPU
		Release|Any CPU = Release|Any CPU
	EndGlobalSection
	GlobalSection(ProjectConfigurationPlatforms) = postSolution
		{B1F6D6DE-6259-466D-A7C5-2A793C78AD40}.Debug|Any CPU.ActiveCfg = Debug|Any CPU
		{B1F6D6DE-6259-466D-A7C5-2A793C78AD40}.Debug|Any CPU.Build.0 = Debug|Any CPU
		{B1F6D6DE-6259-466D-A7C5-2A793C78AD40}.Release|Any CPU.ActiveCfg = Release|Any CPU
		{B1F6D6DE-6259-466D-A7C5-2A793C78AD40}.Release|Any CPU.Build.0 = Release|Any CPU
	EndGlobalSection
	GlobalSection(SolutionProperties) = preSolution
		HideSolutionNode = FALSE
	EndGlobalSection
	GlobalSection(ExtensibilityGlobals) = postSolution
		SolutionGuid = {2BD02D7F-E704-4ED4-8143-6F3C19026A87}
	EndGlobalSection
EndGlobal
